
Microsoft Visual Studio Solution File, Format Version 12.00
# Visual Studio Version 16
VisualStudioVersion = 16.0.31025.194
MinimumVisualStudioVersion = 10.0.40219.1
Project("{FAE04EC0-301F-11D3-BF4B-00C04F79EFBC}") = "Конвертация валюты", "Конвертация валюты\Конвертация валюты.csproj", "{172FD6D2-EE70-4625-8DD6-223193DEBD55}"
EndProject
Global
	GlobalSection(SolutionConfigurationPlatforms) = preSolution
		Debug|Any CPU = Debug|Any CPU
		Release|Any CPU = Release|Any CPU
	EndGlobalSection
	GlobalSection(ProjectConfigurationPlatforms) = postSolution
		{172FD6D2-EE70-4625-8DD6-223193DEBD55}.Debug|Any CPU.ActiveCfg = Debug|Any CPU
		{172FD6D2-EE70-4625-8DD6-223193DEBD55}.Debug|Any CPU.Build.0 = Debug|Any CPU
		{172FD6D2-EE70-4625-8DD6-223193DEBD55}.Release|Any CPU.ActiveCfg = Release|Any CPU
		{172FD6D2-EE70-4625-8DD6-223193DEBD55}.Release|Any CPU.Build.0 = Release|Any CPU
	EndGlobalSection
	GlobalSection(SolutionProperties) = preSolution
		HideSolutionNode = FALSE
	EndGlobalSection
	GlobalSection(ExtensibilityGlobals) = postSolution
		SolutionGuid = {29B65641-F0CF-478A-A681-865037A90969}
	EndGlobalSection
EndGlobal
